// !$*UTF8*$!
{
	archiveVersion = 1;
	classes = {
	};
	objectVersion = 46;
	objects = {

/* Begin PBXBuildFile section */
		8E819A951C62824A00A40201 /* AppDelegate.swift in Sources */ = {isa = PBXBuildFile; fileRef = 8E819A941C62824A00A40201 /* AppDelegate.swift */; };
		8E819A971C62824A00A40201 /* ViewController.swift in Sources */ = {isa = PBXBuildFile; fileRef = 8E819A961C62824A00A40201 /* ViewController.swift */; };
		8E819A9A1C62824A00A40201 /* Main.storyboard in Resources */ = {isa = PBXBuildFile; fileRef = 8E819A981C62824A00A40201 /* Main.storyboard */; };
		8E819A9C1C62824A00A40201 /* Assets.xcassets in Resources */ = {isa = PBXBuildFile; fileRef = 8E819A9B1C62824A00A40201 /* Assets.xcassets */; };
		8E819A9F1C62824A00A40201 /* LaunchScreen.storyboard in Resources */ = {isa = PBXBuildFile; fileRef = 8E819A9D1C62824A00A40201 /* LaunchScreen.storyboard */; };
		8E819AA81C62873F00A40201 /* SizeController.swift in Sources */ = {isa = PBXBuildFile; fileRef = 8E819AA71C62873F00A40201 /* SizeController.swift */; };
		8E819AAA1C628D6600A40201 /* MasaController.swift in Sources */ = {isa = PBXBuildFile; fileRef = 8E819AA91C628D6600A40201 /* MasaController.swift */; };
		8E819AAC1C62AFCC00A40201 /* CheeseController.swift in Sources */ = {isa = PBXBuildFile; fileRef = 8E819AAB1C62AFCC00A40201 /* CheeseController.swift */; };
		8E819AAE1C62B04F00A40201 /* IngredientController.swift in Sources */ = {isa = PBXBuildFile; fileRef = 8E819AAD1C62B04F00A40201 /* IngredientController.swift */; };
		8E819AB01C62B0B300A40201 /* SummaryController.swift in Sources */ = {isa = PBXBuildFile; fileRef = 8E819AAF1C62B0B300A40201 /* SummaryController.swift */; };
/* End PBXBuildFile section */

/* Begin PBXFileReference section */
		8E819A911C62824A00A40201 /* Pizzap.app */ = {isa = PBXFileReference; explicitFileType = wrapper.application; includeInIndex = 0; path = Pizzap.app; sourceTree = BUILT_PRODUCTS_DIR; };
		8E819A941C62824A00A40201 /* AppDelegate.swift */ = {isa = PBXFileReference; lastKnownFileType = sourcecode.swift; path = AppDelegate.swift; sourceTree = "<group>"; };
		8E819A961C62824A00A40201 /* ViewController.swift */ = {isa = PBXFileReference; lastKnownFileType = sourcecode.swift; path = ViewController.swift; sourceTree = "<group>"; };
		8E819A991C62824A00A40201 /* Base */ = {isa = PBXFileReference; lastKnownFileType = file.storyboard; name = Base; path = Base.lproj/Main.storyboard; sourceTree = "<group>"; };
		8E819A9B1C62824A00A40201 /* Assets.xcassets */ = {isa = PBXFileReference; lastKnownFileType = folder.assetcatalog; path = Assets.xcassets; sourceTree = "<group>"; };
		8E819A9E1C62824A00A40201 /* Base */ = {isa = PBXFileReference; lastKnownFileType = file.storyboard; name = Base; path = Base.lproj/LaunchScreen.storyboard; sourceTree = "<group>"; };
		8E819AA01C62824A00A40201 /* Info.plist */ = {isa = PBXFileReference; lastKnownFileType = text.plist.xml; path = Info.plist; sourceTree = "<group>"; };
		8E819AA71C62873F00A40201 /* SizeController.swift */ = {isa = PBXFileReference; fileEncoding = 4; lastKnownFileType = sourcecode.swift; path = SizeController.swift; sourceTree = "<group>"; };
		8E819AA91C628D6600A40201 /* MasaController.swift */ = {isa = PBXFileReference; fileEncoding = 4; lastKnownFileType = sourcecode.swift; path = MasaController.swift; sourceTree = "<group>"; };
		8E819AAB1C62AFCC00A40201 /* CheeseController.swift */ = {isa = PBXFileReference; fileEncoding = 4; lastKnownFileType = sourcecode.swift; path = CheeseController.swift; sourceTree = "<group>"; };
		8E819AAD1C62B04F00A40201 /* IngredientController.swift */ = {isa = PBXFileReference; fileEncoding = 4; lastKnownFileType = sourcecode.swift; path = IngredientController.swift; sourceTree = "<group>"; };
		8E819AAF1C62B0B300A40201 /* SummaryController.swift */ = {isa = PBXFileReference; fileEncoding = 4; lastKnownFileType = sourcecode.swift; path = SummaryController.swift; sourceTree = "<group>"; };
/* End PBXFileReference section */

/* Begin PBXFrameworksBuildPhase section */
		8E819A8E1C62824A00A40201 /* Frameworks */ = {
			isa = PBXFrameworksBuildPhase;
			buildActionMask = 2147483647;
			files = (
			);
			runOnlyForDeploymentPostprocessing = 0;
		};
/* End PBXFrameworksBuildPhase section */

/* Begin PBXGroup section */
		8E819A881C62824A00A40201 = {
			isa = PBXGroup;
			children = (
				8E819A931C62824A00A40201 /* Pizzap */,
				8E819A921C62824A00A40201 /* Products */,
			);
			sourceTree = "<group>";
		};
		8E819A921C62824A00A40201 /* Products */ = {
			isa = PBXGroup;
			children = (
				8E819A911C62824A00A40201 /* Pizzap.app */,
			);
			name = Products;
			sourceTree = "<group>";
		};
		8E819A931C62824A00A40201 /* Pizzap */ = {
			isa = PBXGroup;
			children = (
				8E819AA61C62871B00A40201 /* Controllers */,
				8E819A941C62824A00A40201 /* AppDelegate.swift */,
				8E819A961C62824A00A40201 /* ViewController.swift */,
				8E819A981C62824A00A40201 /* Main.storyboard */,
				8E819A9B1C62824A00A40201 /* Assets.xcassets */,
				8E819A9D1C62824A00A40201 /* LaunchScreen.storyboard */,
				8E819AA01C62824A00A40201 /* Info.plist */,
			);
			path = Pizzap;
			sourceTree = "<group>";
		};
		8E819AA61C62871B00A40201 /* Controllers */ = {
			isa = PBXGroup;
			children = (
				8E819AA71C62873F00A40201 /* SizeController.swift */,
				8E819AA91C628D6600A40201 /* MasaController.swift */,
				8E819AAB1C62AFCC00A40201 /* CheeseController.swift */,
				8E819AAD1C62B04F00A40201 /* IngredientController.swift */,
				8E819AAF1C62B0B300A40201 /* SummaryController.swift */,
			);
			name = Controllers;
			sourceTree = "<group>";
		};
/* End PBXGroup section */

/* Begin PBXNativeTarget section */
		8E819A901C62824A00A40201 /* Pizzap */ = {
			isa = PBXNativeTarget;
			buildConfigurationList = 8E819AA31C62824A00A40201 /* Build configuration list for PBXNativeTarget "Pizzap" */;
			buildPhases = (
				8E819A8D1C62824A00A40201 /* Sources */,
				8E819A8E1C62824A00A40201 /* Frameworks */,
				8E819A8F1C62824A00A40201 /* Resources */,
			);
			buildRules = (
			);
			dependencies = (
			);
			name = Pizzap;
			productName = Pizzap;
			productReference = 8E819A911C62824A00A40201 /* Pizzap.app */;
			productType = "com.apple.product-type.application";
		};
/* End PBXNativeTarget section */

/* Begin PBXProject section */
		8E819A891C62824A00A40201 /* Project object */ = {
			isa = PBXProject;
			attributes = {
				LastSwiftUpdateCheck = 0720;
				LastUpgradeCheck = 0720;
				ORGANIZATIONNAME = "Antonio Rodríguez";
				TargetAttributes = {
					8E819A901C62824A00A40201 = {
						CreatedOnToolsVersion = 7.2;
						DevelopmentTeam = YB8KASLF2H;
					};
				};
			};
			buildConfigurationList = 8E819A8C1C62824A00A40201 /* Build configuration list for PBXProject "Pizzap" */;
			compatibilityVersion = "Xcode 3.2";
			developmentRegion = English;
			hasScannedForEncodings = 0;
			knownRegions = (
				en,
				Base,
			);
			mainGroup = 8E819A881C62824A00A40201;
			productRefGroup = 8E819A921C62824A00A40201 /* Products */;
			projectDirPath = "";
			projectRoot = "";
			targets = (
				8E819A901C62824A00A40201 /* Pizzap */,
			);
		};
/* End PBXProject section */

/* Begin PBXResourcesBuildPhase section */
		8E819A8F1C62824A00A40201 /* Resources */ = {
			isa = PBXResourcesBuildPhase;
			buildActionMask = 2147483647;
			files = (
				8E819A9F1C62824A00A40201 /* LaunchScreen.storyboard in Resources */,
				8E819A9C1C62824A00A40201 /* Assets.xcassets in Resources */,
				8E819A9A1C62824A00A40201 /* Main.storyboard in Resources */,
			);
			runOnlyForDeploymentPostprocessing = 0;
		};
/* End PBXResourcesBuildPhase section */

/* Begin PBXSourcesBuildPhase section */
		8E819A8D1C62824A00A40201 /* Sources */ = {
			isa = PBXSourcesBuildPhase;
			buildActionMask = 2147483647;
			files = (
				8E819AAE1C62B04F00A40201 /* IngredientController.swift in Sources */,
				8E819A971C62824A00A40201 /* ViewController.swift in Sources */,
				8E819AB01C62B0B300A40201 /* SummaryController.swift in Sources */,
				8E819AAA1C628D6600A40201 /* MasaController.swift in Sources */,
				8E819AAC1C62AFCC00A40201 /* CheeseController.swift in Sources */,
				8E819A951C62824A00A40201 /* AppDelegate.swift in Sources */,
				8E819AA81C62873F00A40201 /* SizeController.swift in Sources */,
			);
			runOnlyForDeploymentPostprocessing = 0;
		};
/* End PBXSourcesBuildPhase section */

/* Begin PBXVariantGroup section */
		8E819A981C62824A00A40201 /* Main.storyboard */ = {
			isa = PBXVariantGroup;
			children = (
				8E819A991C62824A00A40201 /* Base */,
			);
			name = Main.storyboard;
			sourceTree = "<group>";
		};
		8E819A9D1C62824A00A40201 /* LaunchScreen.storyboard */ = {
			isa = PBXVariantGroup;
			children = (
				8E819A9E1C62824A00A40201 /* Base */,
			);
			name = LaunchScreen.storyboard;
			sourceTree = "<group>";
		};
/* End PBXVariantGroup section */

/* Begin XCBuildConfiguration section */
		8E819AA11C62824A00A40201 /* Debug */ = {
			isa = XCBuildConfiguration;
			buildSettings = {
				ALWAYS_SEARCH_USER_PATHS = NO;
				CLANG_CXX_LANGUAGE_STANDARD = "gnu++0x";
				CLANG_CXX_LIBRARY = "libc++";
				CLANG_ENABLE_MODULES = YES;
				CLANG_ENABLE_OBJC_ARC = YES;
				CLANG_WARN_BOOL_CONVERSION = YES;
				CLANG_WARN_CONSTANT_CONVERSION = YES;
				CLANG_WARN_DIRECT_OBJC_ISA_USAGE = YES_ERROR;
				CLANG_WARN_EMPTY_BODY = YES;
				CLANG_WARN_ENUM_CONVERSION = YES;
				CLANG_WARN_INT_CONVERSION = YES;
				CLANG_WARN_OBJC_ROOT_CLASS = YES_ERROR;
				CLANG_WARN_UNREACHABLE_CODE = YES;
				CLANG_WARN__DUPLICATE_METHOD_MATCH = YES;
				"CODE_SIGN_IDENTITY[sdk=iphoneos*]" = "iPhone Developer";
				COPY_PHASE_STRIP = NO;
				DEBUG_INFORMATION_FORMAT = dwarf;
				ENABLE_STRICT_OBJC_MSGSEND = YES;
				ENABLE_TESTABILITY = YES;
				GCC_C_LANGUAGE_STANDARD = gnu99;
				GCC_DYNAMIC_NO_PIC = NO;
				GCC_NO_COMMON_BLOCKS = YES;
				GCC_OPTIMIZATION_LEVEL = 0;
				GCC_PREPROCESSOR_DEFINITIONS = (
					"DEBUG=1",
					"$(inherited)",
				);
				GCC_WARN_64_TO_32_BIT_CONVERSION = YES;
				GCC_WARN_ABOUT_RETURN_TYPE = YES_ERROR;
				GCC_WARN_UNDECLARED_SELECTOR = YES;
				GCC_WARN_UNINITIALIZED_AUTOS = YES_AGGRESSIVE;
				GCC_WARN_UNUSED_FUNCTION = YES;
				GCC_WARN_UNUSED_VARIABLE = YES;
				IPHONEOS_DEPLOYMENT_TARGET = 9.2;
				MTL_ENABLE_DEBUG_INFO = YES;
				ONLY_ACTIVE_ARCH = YES;
				SDKROOT = iphoneos;
				SWIFT_OPTIMIZATION_LEVEL = "-Onone";
				TARGETED_DEVICE_FAMILY = "1,2";
			};
			name = Debug;
		};
		8E819AA21C62824A00A40201 /* Release */ = {
			isa = XCBuildConfiguration;
			buildSettings = {
				ALWAYS_SEARCH_USER_PATHS = NO;
				CLANG_CXX_LANGUAGE_STANDARD = "gnu++0x";
				CLANG_CXX_LIBRARY = "libc++";
				CLANG_ENABLE_MODULES = YES;
				CLANG_ENABLE_OBJC_ARC = YES;
				CLANG_WARN_BOOL_CONVERSION = YES;
				CLANG_WARN_CONSTANT_CONVERSION = YES;
				CLANG_WARN_DIRECT_OBJC_ISA_USAGE = YES_ERROR;
				CLANG_WARN_EMPTY_BODY = YES;
				CLANG_WARN_ENUM_CONVERSION = YES;
				CLANG_WARN_INT_CONVERSION = YES;
				CLANG_WARN_OBJC_ROOT_CLASS = YES_ERROR;
				CLANG_WARN_UNREACHABLE_CODE = YES;
				CLANG_WARN__DUPLICATE_METHOD_MATCH = YES;
				"CODE_SIGN_IDENTITY[sdk=iphoneos*]" = "iPhone Developer";
				COPY_PHASE_STRIP = NO;
				DEBUG_INFORMATION_FORMAT = "dwarf-with-dsym";
				ENABLE_NS_ASSERTIONS = NO;
				ENABLE_STRICT_OBJC_MSGSEND = YES;
				GCC_C_LANGUAGE_STANDARD = gnu99;
				GCC_NO_COMMON_BLOCKS = YES;
				GCC_WARN_64_TO_32_BIT_CONVERSION = YES;
				GCC_WARN_ABOUT_RETURN_TYPE = YES_ERROR;
				GCC_WARN_UNDECLARED_SELECTOR = YES;
				GCC_WARN_UNINITIALIZED_AUTOS = YES_AGGRESSIVE;
				GCC_WARN_UNUSED_FUNCTION = YES;
				GCC_WARN_UNUSED_VARIABLE = YES;
				IPHONEOS_DEPLOYMENT_TARGET = 9.2;
				MTL_ENABLE_DEBUG_INFO = NO;
				SDKROOT = iphoneos;
				TARGETED_DEVICE_FAMILY = "1,2";
				VALIDATE_PRODUCT = YES;
			};
			name = Release;
		};
		8E819AA41C62824A00A40201 /* Debug */ = {
			isa = XCBuildConfiguration;
			buildSettings = {
				ASSETCATALOG_COMPILER_APPICON_NAME = AppIcon;
				INFOPLIST_FILE = Pizzap/Info.plist;
				LD_RUNPATH_SEARCH_PATHS = "$(inherited) @executable_path/Frameworks";
				PRODUCT_BUNDLE_IDENTIFIER = "Antonio-Rodriguez.Pizzap";
				PRODUCT_NAME = "$(TARGET_NAME)";
			};
			name = Debug;
		};
		8E819AA51C62824A00A40201 /* Release */ = {
			isa = XCBuildConfiguration;
			buildSettings = {
				ASSETCATALOG_COMPILER_APPICON_NAME = AppIcon;
				INFOPLIST_FILE = Pizzap/Info.plist;
				LD_RUNPATH_SEARCH_PATHS = "$(inherited) @executable_path/Frameworks";
				PRODUCT_BUNDLE_IDENTIFIER = "Antonio-Rodriguez.Pizzap";
				PRODUCT_NAME = "$(TARGET_NAME)";
			};
			name = Release;
		};
/* End XCBuildConfiguration section */

/* Begin XCConfigurationList section */
		8E819A8C1C62824A00A40201 /* Build configuration list for PBXProject "Pizzap" */ = {
			isa = XCConfigurationList;
			buildConfigurations = (
				8E819AA11C62824A00A40201 /* Debug */,
				8E819AA21C62824A00A40201 /* Release */,
			);
			defaultConfigurationIsVisible = 0;
			defaultConfigurationName = Release;
		};
		8E819AA31C62824A00A40201 /* Build configuration list for PBXNativeTarget "Pizzap" */ = {
			isa = XCConfigurationList;
			buildConfigurations = (
				8E819AA41C62824A00A40201 /* Debug */,
				8E819AA51C62824A00A40201 /* Release */,
			);
			defaultConfigurationIsVisible = 0;
		};
/* End XCConfigurationList section */
	};
	rootObject = 8E819A891C62824A00A40201 /* Project object */;
}
